
Microsoft Visual Studio Solution File, Format Version 12.00
# Visual Studio 11
Project("{8BC9CEB8-8B4A-11D0-8D11-00A0C91BC942}") = "hikaru", "hikaru\hikaru.vcxproj", "{C87BE4F5-91D9-AEEB-AF92-AC6061B6CBDF}"
EndProject
Project("{8BC9CEB8-8B4A-11D0-8D11-00A0C91BC942}") = "hikaru_test", "hikaru_test\hikaru_test.vcxproj", "{8A214F10-8AA8-B4F8-0CE5-470C3132C11A}"
EndProject
Global
	GlobalSection(SolutionConfigurationPlatforms) = preSolution
		Debug|Win32 = Debug|Win32
		Release|Win32 = Release|Win32
	EndGlobalSection
	GlobalSection(ProjectConfigurationPlatforms) = postSolution
		{8A214F10-8AA8-B4F8-0CE5-470C3132C11A}.Debug|Win32.ActiveCfg = Debug|Win32
		{8A214F10-8AA8-B4F8-0CE5-470C3132C11A}.Debug|Win32.Build.0 = Debug|Win32
		{8A214F10-8AA8-B4F8-0CE5-470C3132C11A}.Release|Win32.ActiveCfg = Release|Win32
		{8A214F10-8AA8-B4F8-0CE5-470C3132C11A}.Release|Win32.Build.0 = Release|Win32
		{C87BE4F5-91D9-AEEB-AF92-AC6061B6CBDF}.Debug|Win32.ActiveCfg = Debug|Win32
		{C87BE4F5-91D9-AEEB-AF92-AC6061B6CBDF}.Debug|Win32.Build.0 = Debug|Win32
		{C87BE4F5-91D9-AEEB-AF92-AC6061B6CBDF}.Release|Win32.ActiveCfg = Release|Win32
		{C87BE4F5-91D9-AEEB-AF92-AC6061B6CBDF}.Release|Win32.Build.0 = Release|Win32
	EndGlobalSection
	GlobalSection(SolutionProperties) = preSolution
		HideSolutionNode = FALSE
	EndGlobalSection
EndGlobal
