<?xml version="1.0" encoding="utf-8"?>
<Project ToolsVersion="4.0" xmlns="http://schemas.microsoft.com/developer/msbuild/2003">
  <ItemGroup>
    <Filter Include="tinyxml">
      <UniqueIdentifier>{c0d94621-2e6a-4e96-8196-95c89e161309}</UniqueIdentifier>
    </Filter>
    <Filter Include="etc">
      <UniqueIdentifier>{51654b2f-26fb-415b-ae3d-8eb97ad24772}</UniqueIdentifier>
    </Filter>
  </ItemGroup>
  <ItemGroup>
    <ClInclude Include="..\sdk\tinyxml\tinystr.h">
      <Filter>tinyxml</Filter>
    </ClInclude>
    <ClInclude Include="..\sdk\tinyxml\tinyxml.h">
      <Filter>tinyxml</Filter>
    </ClInclude>
    <ClInclude Include="hikaru_stdafx.h">
      <Filter>etc</Filter>
    </ClInclude>
    <ClInclude Include="data_define.h" />
    <ClInclude Include="class_attribute.h" />
    <ClInclude Include="global.h">
      <Filter>etc</Filter>
    </ClInclude>
    <ClInclude Include="class_dict.h" />
    <ClInclude Include="data_file.h" />
    <ClInclude Include="data_helper.h" />
    <ClInclude Include="data_init.h" />
  </ItemGroup>
  <ItemGroup>
    <ClCompile Include="..\sdk\tinyxml\tinyxmlparser.cpp">
      <Filter>tinyxml</Filter>
    </ClCompile>
    <ClCompile Include="..\sdk\tinyxml\tinystr.cpp">
      <Filter>tinyxml</Filter>
    </ClCompile>
    <ClCompile Include="..\sdk\tinyxml\tinyxml.cpp">
      <Filter>tinyxml</Filter>
    </ClCompile>
    <ClCompile Include="..\sdk\tinyxml\tinyxmlerror.cpp">
      <Filter>tinyxml</Filter>
    </ClCompile>
    <ClCompile Include="hikaru_stdafx.cpp">
      <Filter>etc</Filter>
    </ClCompile>
    <ClCompile Include="data_define.cpp" />
    <ClCompile Include="class_attribute.cpp" />
    <ClCompile Include="class_dict.cpp" />
    <ClCompile Include="data_helper.cpp" />
    <ClCompile Include="data_init.cpp" />
  </ItemGroup>
</Project>